
Microsoft Visual Studio Solution File, Format Version 12.00
# Visual Studio Version 16
VisualStudioVersion = 16.0.34931.43
MinimumVisualStudioVersion = 10.0.40219.1
Project("{FAE04EC0-301F-11D3-BF4B-00C04F79EFBC}") = "AppWebBootstrap", "AppWebBootstrap\AppWebBootstrap.csproj", "{90992005-9139-459A-BAB0-9EE6FA59E037}"
EndProject
Global
	GlobalSection(SolutionConfigurationPlatforms) = preSolution
		Debug|Any CPU = Debug|Any CPU
		Release|Any CPU = Release|Any CPU
	EndGlobalSection
	GlobalSection(ProjectConfigurationPlatforms) = postSolution
		{90992005-9139-459A-BAB0-9EE6FA59E037}.Debug|Any CPU.ActiveCfg = Debug|Any CPU
		{90992005-9139-459A-BAB0-9EE6FA59E037}.Debug|Any CPU.Build.0 = Debug|Any CPU
		{90992005-9139-459A-BAB0-9EE6FA59E037}.Release|Any CPU.ActiveCfg = Release|Any CPU
		{90992005-9139-459A-BAB0-9EE6FA59E037}.Release|Any CPU.Build.0 = Release|Any CPU
	EndGlobalSection
	GlobalSection(SolutionProperties) = preSolution
		HideSolutionNode = FALSE
	EndGlobalSection
	GlobalSection(ExtensibilityGlobals) = postSolution
		SolutionGuid = {7DDED8FE-F28C-40D4-928E-7415ED6705CF}
	EndGlobalSection
EndGlobal
